// !$*UTF8*$!
{
	archiveVersion = 1;
	classes = {
	};
	objectVersion = 46;
	objects = {

/* Begin PBXBuildFile section */
		CC43C6151CE8D1240008C469 /* AppDelegate.swift in Sources */ = {isa = PBXBuildFile; fileRef = CC43C6141CE8D1240008C469 /* AppDelegate.swift */; };
		CC43C6171CE8D1240008C469 /* ViewController.swift in Sources */ = {isa = PBXBuildFile; fileRef = CC43C6161CE8D1240008C469 /* ViewController.swift */; };
		CC43C61A1CE8D1240008C469 /* Main.storyboard in Resources */ = {isa = PBXBuildFile; fileRef = CC43C6181CE8D1240008C469 /* Main.storyboard */; };
		CC43C61D1CE8D1240008C469 /* pokedex.xcdatamodeld in Sources */ = {isa = PBXBuildFile; fileRef = CC43C61B1CE8D1240008C469 /* pokedex.xcdatamodeld */; };
		CC43C61F1CE8D1240008C469 /* Assets.xcassets in Resources */ = {isa = PBXBuildFile; fileRef = CC43C61E1CE8D1240008C469 /* Assets.xcassets */; };
		CC43C6221CE8D1240008C469 /* LaunchScreen.storyboard in Resources */ = {isa = PBXBuildFile; fileRef = CC43C6201CE8D1240008C469 /* LaunchScreen.storyboard */; };
		CC43C62D1CE8D1250008C469 /* pokedexTests.swift in Sources */ = {isa = PBXBuildFile; fileRef = CC43C62C1CE8D1250008C469 /* pokedexTests.swift */; };
		CC43C6381CE8D1250008C469 /* pokedexUITests.swift in Sources */ = {isa = PBXBuildFile; fileRef = CC43C6371CE8D1250008C469 /* pokedexUITests.swift */; };
		CC43C6461CE8D4190008C469 /* pokemon.csv in Resources */ = {isa = PBXBuildFile; fileRef = CC43C6451CE8D4190008C469 /* pokemon.csv */; };
		CC43C6491CE8D5A30008C469 /* Pokemon.swift in Sources */ = {isa = PBXBuildFile; fileRef = CC43C6481CE8D5A30008C469 /* Pokemon.swift */; };
		CC43C64C1CE8E3D50008C469 /* PokeCell.swift in Sources */ = {isa = PBXBuildFile; fileRef = CC43C64B1CE8E3D50008C469 /* PokeCell.swift */; };
/* End PBXBuildFile section */

/* Begin PBXContainerItemProxy section */
		CC43C6291CE8D1250008C469 /* PBXContainerItemProxy */ = {
			isa = PBXContainerItemProxy;
			containerPortal = CC43C6091CE8D1240008C469 /* Project object */;
			proxyType = 1;
			remoteGlobalIDString = CC43C6101CE8D1240008C469;
			remoteInfo = pokedex;
		};
		CC43C6341CE8D1250008C469 /* PBXContainerItemProxy */ = {
			isa = PBXContainerItemProxy;
			containerPortal = CC43C6091CE8D1240008C469 /* Project object */;
			proxyType = 1;
			remoteGlobalIDString = CC43C6101CE8D1240008C469;
			remoteInfo = pokedex;
		};
/* End PBXContainerItemProxy section */

/* Begin PBXFileReference section */
		CC43C6111CE8D1240008C469 /* pokedex.app */ = {isa = PBXFileReference; explicitFileType = wrapper.application; includeInIndex = 0; path = pokedex.app; sourceTree = BUILT_PRODUCTS_DIR; };
		CC43C6141CE8D1240008C469 /* AppDelegate.swift */ = {isa = PBXFileReference; lastKnownFileType = sourcecode.swift; path = AppDelegate.swift; sourceTree = "<group>"; };
		CC43C6161CE8D1240008C469 /* ViewController.swift */ = {isa = PBXFileReference; lastKnownFileType = sourcecode.swift; path = ViewController.swift; sourceTree = "<group>"; };
		CC43C6191CE8D1240008C469 /* Base */ = {isa = PBXFileReference; lastKnownFileType = file.storyboard; name = Base; path = Base.lproj/Main.storyboard; sourceTree = "<group>"; };
		CC43C61C1CE8D1240008C469 /* pokedex.xcdatamodel */ = {isa = PBXFileReference; lastKnownFileType = wrapper.xcdatamodel; path = pokedex.xcdatamodel; sourceTree = "<group>"; };
		CC43C61E1CE8D1240008C469 /* Assets.xcassets */ = {isa = PBXFileReference; lastKnownFileType = folder.assetcatalog; path = Assets.xcassets; sourceTree = "<group>"; };
		CC43C6211CE8D1240008C469 /* Base */ = {isa = PBXFileReference; lastKnownFileType = file.storyboard; name = Base; path = Base.lproj/LaunchScreen.storyboard; sourceTree = "<group>"; };
		CC43C6231CE8D1240008C469 /* Info.plist */ = {isa = PBXFileReference; lastKnownFileType = text.plist.xml; path = Info.plist; sourceTree = "<group>"; };
		CC43C6281CE8D1250008C469 /* pokedexTests.xctest */ = {isa = PBXFileReference; explicitFileType = wrapper.cfbundle; includeInIndex = 0; path = pokedexTests.xctest; sourceTree = BUILT_PRODUCTS_DIR; };
		CC43C62C1CE8D1250008C469 /* pokedexTests.swift */ = {isa = PBXFileReference; lastKnownFileType = sourcecode.swift; path = pokedexTests.swift; sourceTree = "<group>"; };
		CC43C62E1CE8D1250008C469 /* Info.plist */ = {isa = PBXFileReference; lastKnownFileType = text.plist.xml; path = Info.plist; sourceTree = "<group>"; };
		CC43C6331CE8D1250008C469 /* pokedexUITests.xctest */ = {isa = PBXFileReference; explicitFileType = wrapper.cfbundle; includeInIndex = 0; path = pokedexUITests.xctest; sourceTree = BUILT_PRODUCTS_DIR; };
		CC43C6371CE8D1250008C469 /* pokedexUITests.swift */ = {isa = PBXFileReference; lastKnownFileType = sourcecode.swift; path = pokedexUITests.swift; sourceTree = "<group>"; };
		CC43C6391CE8D1250008C469 /* Info.plist */ = {isa = PBXFileReference; lastKnownFileType = text.plist.xml; path = Info.plist; sourceTree = "<group>"; };
		CC43C6451CE8D4190008C469 /* pokemon.csv */ = {isa = PBXFileReference; fileEncoding = 4; lastKnownFileType = text; name = pokemon.csv; path = ../pokemon.csv; sourceTree = "<group>"; };
		CC43C6481CE8D5A30008C469 /* Pokemon.swift */ = {isa = PBXFileReference; fileEncoding = 4; lastKnownFileType = sourcecode.swift; path = Pokemon.swift; sourceTree = "<group>"; };
		CC43C64B1CE8E3D50008C469 /* PokeCell.swift */ = {isa = PBXFileReference; fileEncoding = 4; lastKnownFileType = sourcecode.swift; path = PokeCell.swift; sourceTree = "<group>"; };
/* End PBXFileReference section */

/* Begin PBXFrameworksBuildPhase section */
		CC43C60E1CE8D1240008C469 /* Frameworks */ = {
			isa = PBXFrameworksBuildPhase;
			buildActionMask = 2147483647;
			files = (
			);
			runOnlyForDeploymentPostprocessing = 0;
		};
		CC43C6251CE8D1250008C469 /* Frameworks */ = {
			isa = PBXFrameworksBuildPhase;
			buildActionMask = 2147483647;
			files = (
			);
			runOnlyForDeploymentPostprocessing = 0;
		};
		CC43C6301CE8D1250008C469 /* Frameworks */ = {
			isa = PBXFrameworksBuildPhase;
			buildActionMask = 2147483647;
			files = (
			);
			runOnlyForDeploymentPostprocessing = 0;
		};
/* End PBXFrameworksBuildPhase section */

/* Begin PBXGroup section */
		CC43C6081CE8D1240008C469 = {
			isa = PBXGroup;
			children = (
				CC43C6131CE8D1240008C469 /* pokedex */,
				CC43C62B1CE8D1250008C469 /* pokedexTests */,
				CC43C6361CE8D1250008C469 /* pokedexUITests */,
				CC43C6121CE8D1240008C469 /* Products */,
			);
			sourceTree = "<group>";
		};
		CC43C6121CE8D1240008C469 /* Products */ = {
			isa = PBXGroup;
			children = (
				CC43C6111CE8D1240008C469 /* pokedex.app */,
				CC43C6281CE8D1250008C469 /* pokedexTests.xctest */,
				CC43C6331CE8D1250008C469 /* pokedexUITests.xctest */,
			);
			name = Products;
			sourceTree = "<group>";
		};
		CC43C6131CE8D1240008C469 /* pokedex */ = {
			isa = PBXGroup;
			children = (
				CC43C6471CE8D5980008C469 /* Model */,
				CC43C64A1CE8E39E0008C469 /* View */,
				CC43C6141CE8D1240008C469 /* AppDelegate.swift */,
				CC43C6161CE8D1240008C469 /* ViewController.swift */,
				CC43C6181CE8D1240008C469 /* Main.storyboard */,
				CC43C61E1CE8D1240008C469 /* Assets.xcassets */,
				CC43C6201CE8D1240008C469 /* LaunchScreen.storyboard */,
				CC43C6231CE8D1240008C469 /* Info.plist */,
				CC43C61B1CE8D1240008C469 /* pokedex.xcdatamodeld */,
				CC43C6451CE8D4190008C469 /* pokemon.csv */,
			);
			path = pokedex;
			sourceTree = "<group>";
		};
		CC43C62B1CE8D1250008C469 /* pokedexTests */ = {
			isa = PBXGroup;
			children = (
				CC43C62C1CE8D1250008C469 /* pokedexTests.swift */,
				CC43C62E1CE8D1250008C469 /* Info.plist */,
			);
			path = pokedexTests;
			sourceTree = "<group>";
		};
		CC43C6361CE8D1250008C469 /* pokedexUITests */ = {
			isa = PBXGroup;
			children = (
				CC43C6371CE8D1250008C469 /* pokedexUITests.swift */,
				CC43C6391CE8D1250008C469 /* Info.plist */,
			);
			path = pokedexUITests;
			sourceTree = "<group>";
		};
		CC43C6471CE8D5980008C469 /* Model */ = {
			isa = PBXGroup;
			children = (
				CC43C6481CE8D5A30008C469 /* Pokemon.swift */,
			);
			name = Model;
			sourceTree = "<group>";
		};
		CC43C64A1CE8E39E0008C469 /* View */ = {
			isa = PBXGroup;
			children = (
				CC43C64B1CE8E3D50008C469 /* PokeCell.swift */,
			);
			name = View;
			sourceTree = "<group>";
		};
/* End PBXGroup section */

/* Begin PBXNativeTarget section */
		CC43C6101CE8D1240008C469 /* pokedex */ = {
			isa = PBXNativeTarget;
			buildConfigurationList = CC43C63C1CE8D1250008C469 /* Build configuration list for PBXNativeTarget "pokedex" */;
			buildPhases = (
				CC43C60D1CE8D1240008C469 /* Sources */,
				CC43C60E1CE8D1240008C469 /* Frameworks */,
				CC43C60F1CE8D1240008C469 /* Resources */,
			);
			buildRules = (
			);
			dependencies = (
			);
			name = pokedex;
			productName = pokedex;
			productReference = CC43C6111CE8D1240008C469 /* pokedex.app */;
			productType = "com.apple.product-type.application";
		};
		CC43C6271CE8D1250008C469 /* pokedexTests */ = {
			isa = PBXNativeTarget;
			buildConfigurationList = CC43C63F1CE8D1250008C469 /* Build configuration list for PBXNativeTarget "pokedexTests" */;
			buildPhases = (
				CC43C6241CE8D1250008C469 /* Sources */,
				CC43C6251CE8D1250008C469 /* Frameworks */,
				CC43C6261CE8D1250008C469 /* Resources */,
			);
			buildRules = (
			);
			dependencies = (
				CC43C62A1CE8D1250008C469 /* PBXTargetDependency */,
			);
			name = pokedexTests;
			productName = pokedexTests;
			productReference = CC43C6281CE8D1250008C469 /* pokedexTests.xctest */;
			productType = "com.apple.product-type.bundle.unit-test";
		};
		CC43C6321CE8D1250008C469 /* pokedexUITests */ = {
			isa = PBXNativeTarget;
			buildConfigurationList = CC43C6421CE8D1250008C469 /* Build configuration list for PBXNativeTarget "pokedexUITests" */;
			buildPhases = (
				CC43C62F1CE8D1250008C469 /* Sources */,
				CC43C6301CE8D1250008C469 /* Frameworks */,
				CC43C6311CE8D1250008C469 /* Resources */,
			);
			buildRules = (
			);
			dependencies = (
				CC43C6351CE8D1250008C469 /* PBXTargetDependency */,
			);
			name = pokedexUITests;
			productName = pokedexUITests;
			productReference = CC43C6331CE8D1250008C469 /* pokedexUITests.xctest */;
			productType = "com.apple.product-type.bundle.ui-testing";
		};
/* End PBXNativeTarget section */

/* Begin PBXProject section */
		CC43C6091CE8D1240008C469 /* Project object */ = {
			isa = PBXProject;
			attributes = {
				LastSwiftUpdateCheck = 0730;
				LastUpgradeCheck = 0730;
				ORGANIZATIONNAME = Bartosz;
				TargetAttributes = {
					CC43C6101CE8D1240008C469 = {
						CreatedOnToolsVersion = 7.3.1;
						DevelopmentTeam = 75QTQ5WC99;
					};
					CC43C6271CE8D1250008C469 = {
						CreatedOnToolsVersion = 7.3.1;
						DevelopmentTeam = 75QTQ5WC99;
						TestTargetID = CC43C6101CE8D1240008C469;
					};
					CC43C6321CE8D1250008C469 = {
						CreatedOnToolsVersion = 7.3.1;
						DevelopmentTeam = 75QTQ5WC99;
						TestTargetID = CC43C6101CE8D1240008C469;
					};
				};
			};
			buildConfigurationList = CC43C60C1CE8D1240008C469 /* Build configuration list for PBXProject "pokedex" */;
			compatibilityVersion = "Xcode 3.2";
			developmentRegion = English;
			hasScannedForEncodings = 0;
			knownRegions = (
				en,
				Base,
			);
			mainGroup = CC43C6081CE8D1240008C469;
			productRefGroup = CC43C6121CE8D1240008C469 /* Products */;
			projectDirPath = "";
			projectRoot = "";
			targets = (
				CC43C6101CE8D1240008C469 /* pokedex */,
				CC43C6271CE8D1250008C469 /* pokedexTests */,
				CC43C6321CE8D1250008C469 /* pokedexUITests */,
			);
		};
/* End PBXProject section */

/* Begin PBXResourcesBuildPhase section */
		CC43C60F1CE8D1240008C469 /* Resources */ = {
			isa = PBXResourcesBuildPhase;
			buildActionMask = 2147483647;
			files = (
				CC43C6221CE8D1240008C469 /* LaunchScreen.storyboard in Resources */,
				CC43C61F1CE8D1240008C469 /* Assets.xcassets in Resources */,
				CC43C6461CE8D4190008C469 /* pokemon.csv in Resources */,
				CC43C61A1CE8D1240008C469 /* Main.storyboard in Resources */,
			);
			runOnlyForDeploymentPostprocessing = 0;
		};
		CC43C6261CE8D1250008C469 /* Resources */ = {
			isa = PBXResourcesBuildPhase;
			buildActionMask = 2147483647;
			files = (
			);
			runOnlyForDeploymentPostprocessing = 0;
		};
		CC43C6311CE8D1250008C469 /* Resources */ = {
			isa = PBXResourcesBuildPhase;
			buildActionMask = 2147483647;
			files = (
			);
			runOnlyForDeploymentPostprocessing = 0;
		};
/* End PBXResourcesBuildPhase section */

/* Begin PBXSourcesBuildPhase section */
		CC43C60D1CE8D1240008C469 /* Sources */ = {
			isa = PBXSourcesBuildPhase;
			buildActionMask = 2147483647;
			files = (
				CC43C61D1CE8D1240008C469 /* pokedex.xcdatamodeld in Sources */,
				CC43C6491CE8D5A30008C469 /* Pokemon.swift in Sources */,
				CC43C6171CE8D1240008C469 /* ViewController.swift in Sources */,
				CC43C6151CE8D1240008C469 /* AppDelegate.swift in Sources */,
				CC43C64C1CE8E3D50008C469 /* PokeCell.swift in Sources */,
			);
			runOnlyForDeploymentPostprocessing = 0;
		};
		CC43C6241CE8D1250008C469 /* Sources */ = {
			isa = PBXSourcesBuildPhase;
			buildActionMask = 2147483647;
			files = (
				CC43C62D1CE8D1250008C469 /* pokedexTests.swift in Sources */,
			);
			runOnlyForDeploymentPostprocessing = 0;
		};
		CC43C62F1CE8D1250008C469 /* Sources */ = {
			isa = PBXSourcesBuildPhase;
			buildActionMask = 2147483647;
			files = (
				CC43C6381CE8D1250008C469 /* pokedexUITests.swift in Sources */,
			);
			runOnlyForDeploymentPostprocessing = 0;
		};
/* End PBXSourcesBuildPhase section */

/* Begin PBXTargetDependency section */
		CC43C62A1CE8D1250008C469 /* PBXTargetDependency */ = {
			isa = PBXTargetDependency;
			target = CC43C6101CE8D1240008C469 /* pokedex */;
			targetProxy = CC43C6291CE8D1250008C469 /* PBXContainerItemProxy */;
		};
		CC43C6351CE8D1250008C469 /* PBXTargetDependency */ = {
			isa = PBXTargetDependency;
			target = CC43C6101CE8D1240008C469 /* pokedex */;
			targetProxy = CC43C6341CE8D1250008C469 /* PBXContainerItemProxy */;
		};
/* End PBXTargetDependency section */

/* Begin PBXVariantGroup section */
		CC43C6181CE8D1240008C469 /* Main.storyboard */ = {
			isa = PBXVariantGroup;
			children = (
				CC43C6191CE8D1240008C469 /* Base */,
			);
			name = Main.storyboard;
			sourceTree = "<group>";
		};
		CC43C6201CE8D1240008C469 /* LaunchScreen.storyboard */ = {
			isa = PBXVariantGroup;
			children = (
				CC43C6211CE8D1240008C469 /* Base */,
			);
			name = LaunchScreen.storyboard;
			sourceTree = "<group>";
		};
/* End PBXVariantGroup section */

/* Begin XCBuildConfiguration section */
		CC43C63A1CE8D1250008C469 /* Debug */ = {
			isa = XCBuildConfiguration;
			buildSettings = {
				ALWAYS_SEARCH_USER_PATHS = NO;
				CLANG_ANALYZER_NONNULL = YES;
				CLANG_CXX_LANGUAGE_STANDARD = "gnu++0x";
				CLANG_CXX_LIBRARY = "libc++";
				CLANG_ENABLE_MODULES = YES;
				CLANG_ENABLE_OBJC_ARC = YES;
				CLANG_WARN_BOOL_CONVERSION = YES;
				CLANG_WARN_CONSTANT_CONVERSION = YES;
				CLANG_WARN_DIRECT_OBJC_ISA_USAGE = YES_ERROR;
				CLANG_WARN_EMPTY_BODY = YES;
				CLANG_WARN_ENUM_CONVERSION = YES;
				CLANG_WARN_INT_CONVERSION = YES;
				CLANG_WARN_OBJC_ROOT_CLASS = YES_ERROR;
				CLANG_WARN_UNREACHABLE_CODE = YES;
				CLANG_WARN__DUPLICATE_METHOD_MATCH = YES;
				"CODE_SIGN_IDENTITY[sdk=iphoneos*]" = "iPhone Developer";
				COPY_PHASE_STRIP = NO;
				DEBUG_INFORMATION_FORMAT = dwarf;
				ENABLE_STRICT_OBJC_MSGSEND = YES;
				ENABLE_TESTABILITY = YES;
				GCC_C_LANGUAGE_STANDARD = gnu99;
				GCC_DYNAMIC_NO_PIC = NO;
				GCC_NO_COMMON_BLOCKS = YES;
				GCC_OPTIMIZATION_LEVEL = 0;
				GCC_PREPROCESSOR_DEFINITIONS = (
					"DEBUG=1",
					"$(inherited)",
				);
				GCC_WARN_64_TO_32_BIT_CONVERSION = YES;
				GCC_WARN_ABOUT_RETURN_TYPE = YES_ERROR;
				GCC_WARN_UNDECLARED_SELECTOR = YES;
				GCC_WARN_UNINITIALIZED_AUTOS = YES_AGGRESSIVE;
				GCC_WARN_UNUSED_FUNCTION = YES;
				GCC_WARN_UNUSED_VARIABLE = YES;
				IPHONEOS_DEPLOYMENT_TARGET = 9.3;
				MTL_ENABLE_DEBUG_INFO = YES;
				ONLY_ACTIVE_ARCH = YES;
				SDKROOT = iphoneos;
				SWIFT_OPTIMIZATION_LEVEL = "-Onone";
				TARGETED_DEVICE_FAMILY = "1,2";
			};
			name = Debug;
		};
		CC43C63B1CE8D1250008C469 /* Release */ = {
			isa = XCBuildConfiguration;
			buildSettings = {
				ALWAYS_SEARCH_USER_PATHS = NO;
				CLANG_ANALYZER_NONNULL = YES;
				CLANG_CXX_LANGUAGE_STANDARD = "gnu++0x";
				CLANG_CXX_LIBRARY = "libc++";
				CLANG_ENABLE_MODULES = YES;
				CLANG_ENABLE_OBJC_ARC = YES;
				CLANG_WARN_BOOL_CONVERSION = YES;
				CLANG_WARN_CONSTANT_CONVERSION = YES;
				CLANG_WARN_DIRECT_OBJC_ISA_USAGE = YES_ERROR;
				CLANG_WARN_EMPTY_BODY = YES;
				CLANG_WARN_ENUM_CONVERSION = YES;
				CLANG_WARN_INT_CONVERSION = YES;
				CLANG_WARN_OBJC_ROOT_CLASS = YES_ERROR;
				CLANG_WARN_UNREACHABLE_CODE = YES;
				CLANG_WARN__DUPLICATE_METHOD_MATCH = YES;
				"CODE_SIGN_IDENTITY[sdk=iphoneos*]" = "iPhone Developer";
				COPY_PHASE_STRIP = NO;
				DEBUG_INFORMATION_FORMAT = "dwarf-with-dsym";
				ENABLE_NS_ASSERTIONS = NO;
				ENABLE_STRICT_OBJC_MSGSEND = YES;
				GCC_C_LANGUAGE_STANDARD = gnu99;
				GCC_NO_COMMON_BLOCKS = YES;
				GCC_WARN_64_TO_32_BIT_CONVERSION = YES;
				GCC_WARN_ABOUT_RETURN_TYPE = YES_ERROR;
				GCC_WARN_UNDECLARED_SELECTOR = YES;
				GCC_WARN_UNINITIALIZED_AUTOS = YES_AGGRESSIVE;
				GCC_WARN_UNUSED_FUNCTION = YES;
				GCC_WARN_UNUSED_VARIABLE = YES;
				IPHONEOS_DEPLOYMENT_TARGET = 9.3;
				MTL_ENABLE_DEBUG_INFO = NO;
				SDKROOT = iphoneos;
				TARGETED_DEVICE_FAMILY = "1,2";
				VALIDATE_PRODUCT = YES;
			};
			name = Release;
		};
		CC43C63D1CE8D1250008C469 /* Debug */ = {
			isa = XCBuildConfiguration;
			buildSettings = {
				ASSETCATALOG_COMPILER_APPICON_NAME = AppIcon;
				INFOPLIST_FILE = pokedex/Info.plist;
				LD_RUNPATH_SEARCH_PATHS = "$(inherited) @executable_path/Frameworks";
				PRODUCT_BUNDLE_IDENTIFIER = com.bartosz.pokedex;
				PRODUCT_NAME = "$(TARGET_NAME)";
			};
			name = Debug;
		};
		CC43C63E1CE8D1250008C469 /* Release */ = {
			isa = XCBuildConfiguration;
			buildSettings = {
				ASSETCATALOG_COMPILER_APPICON_NAME = AppIcon;
				INFOPLIST_FILE = pokedex/Info.plist;
				LD_RUNPATH_SEARCH_PATHS = "$(inherited) @executable_path/Frameworks";
				PRODUCT_BUNDLE_IDENTIFIER = com.bartosz.pokedex;
				PRODUCT_NAME = "$(TARGET_NAME)";
			};
			name = Release;
		};
		CC43C6401CE8D1250008C469 /* Debug */ = {
			isa = XCBuildConfiguration;
			buildSettings = {
				BUNDLE_LOADER = "$(TEST_HOST)";
				INFOPLIST_FILE = pokedexTests/Info.plist;
				LD_RUNPATH_SEARCH_PATHS = "$(inherited) @executable_path/Frameworks @loader_path/Frameworks";
				PRODUCT_BUNDLE_IDENTIFIER = com.bartosz.pokedexTests;
				PRODUCT_NAME = "$(TARGET_NAME)";
				TEST_HOST = "$(BUILT_PRODUCTS_DIR)/pokedex.app/pokedex";
			};
			name = Debug;
		};
		CC43C6411CE8D1250008C469 /* Release */ = {
			isa = XCBuildConfiguration;
			buildSettings = {
				BUNDLE_LOADER = "$(TEST_HOST)";
				INFOPLIST_FILE = pokedexTests/Info.plist;
				LD_RUNPATH_SEARCH_PATHS = "$(inherited) @executable_path/Frameworks @loader_path/Frameworks";
				PRODUCT_BUNDLE_IDENTIFIER = com.bartosz.pokedexTests;
				PRODUCT_NAME = "$(TARGET_NAME)";
				TEST_HOST = "$(BUILT_PRODUCTS_DIR)/pokedex.app/pokedex";
			};
			name = Release;
		};
		CC43C6431CE8D1250008C469 /* Debug */ = {
			isa = XCBuildConfiguration;
			buildSettings = {
				INFOPLIST_FILE = pokedexUITests/Info.plist;
				LD_RUNPATH_SEARCH_PATHS = "$(inherited) @executable_path/Frameworks @loader_path/Frameworks";
				PRODUCT_BUNDLE_IDENTIFIER = com.bartosz.pokedexUITests;
				PRODUCT_NAME = "$(TARGET_NAME)";
				TEST_TARGET_NAME = pokedex;
			};
			name = Debug;
		};
		CC43C6441CE8D1250008C469 /* Release */ = {
			isa = XCBuildConfiguration;
			buildSettings = {
				INFOPLIST_FILE = pokedexUITests/Info.plist;
				LD_RUNPATH_SEARCH_PATHS = "$(inherited) @executable_path/Frameworks @loader_path/Frameworks";
				PRODUCT_BUNDLE_IDENTIFIER = com.bartosz.pokedexUITests;
				PRODUCT_NAME = "$(TARGET_NAME)";
				TEST_TARGET_NAME = pokedex;
			};
			name = Release;
		};
/* End XCBuildConfiguration section */

/* Begin XCConfigurationList section */
		CC43C60C1CE8D1240008C469 /* Build configuration list for PBXProject "pokedex" */ = {
			isa = XCConfigurationList;
			buildConfigurations = (
				CC43C63A1CE8D1250008C469 /* Debug */,
				CC43C63B1CE8D1250008C469 /* Release */,
			);
			defaultConfigurationIsVisible = 0;
			defaultConfigurationName = Release;
		};
		CC43C63C1CE8D1250008C469 /* Build configuration list for PBXNativeTarget "pokedex" */ = {
			isa = XCConfigurationList;
			buildConfigurations = (
				CC43C63D1CE8D1250008C469 /* Debug */,
				CC43C63E1CE8D1250008C469 /* Release */,
			);
			defaultConfigurationIsVisible = 0;
		};
		CC43C63F1CE8D1250008C469 /* Build configuration list for PBXNativeTarget "pokedexTests" */ = {
			isa = XCConfigurationList;
			buildConfigurations = (
				CC43C6401CE8D1250008C469 /* Debug */,
				CC43C6411CE8D1250008C469 /* Release */,
			);
			defaultConfigurationIsVisible = 0;
		};
		CC43C6421CE8D1250008C469 /* Build configuration list for PBXNativeTarget "pokedexUITests" */ = {
			isa = XCConfigurationList;
			buildConfigurations = (
				CC43C6431CE8D1250008C469 /* Debug */,
				CC43C6441CE8D1250008C469 /* Release */,
			);
			defaultConfigurationIsVisible = 0;
		};
/* End XCConfigurationList section */

/* Begin XCVersionGroup section */
		CC43C61B1CE8D1240008C469 /* pokedex.xcdatamodeld */ = {
			isa = XCVersionGroup;
			children = (
				CC43C61C1CE8D1240008C469 /* pokedex.xcdatamodel */,
			);
			currentVersion = CC43C61C1CE8D1240008C469 /* pokedex.xcdatamodel */;
			path = pokedex.xcdatamodeld;
			sourceTree = "<group>";
			versionGroupType = wrapper.xcdatamodel;
		};
/* End XCVersionGroup section */
	};
	rootObject = CC43C6091CE8D1240008C469 /* Project object */;
}
